
Microsoft Visual Studio Solution File, Format Version 12.00
# Visual Studio Version 17
VisualStudioVersion = 17.7.34221.43
MinimumVisualStudioVersion = 10.0.40219.1
Project("{FAE04EC0-301F-11D3-BF4B-00C04F79EFBC}") = "TransMed.Dominio", "TransMed.Dominio\TransMed.Dominio.csproj", "{326A94E3-6231-45B6-B55C-A16B63F3A6FF}"
EndProject
Project("{FAE04EC0-301F-11D3-BF4B-00C04F79EFBC}") = "TransMed.App", "TransMed.App\TransMed.App.csproj", "{E052AA3A-B1AF-4CE6-A3A9-220238D3AFC0}"
EndProject
Project("{FAE04EC0-301F-11D3-BF4B-00C04F79EFBC}") = "TransMed.Infra.Data", "TransMed.Infra.Data\TransMed.Infra.Data.csproj", "{5DBD265C-948B-4C1D-BEFE-92A825B70553}"
EndProject
Project("{FAE04EC0-301F-11D3-BF4B-00C04F79EFBC}") = "TransMed.API", "TransMed.API\TransMed.API.csproj", "{9856B70D-9989-4E36-A13D-235A1FFA97C1}"
EndProject
Project("{FAE04EC0-301F-11D3-BF4B-00C04F79EFBC}") = "TransMed.Test", "TransMed.Test\TransMed.Test.csproj", "{3643F9C4-1534-479E-A3B8-689C9032BA56}"
EndProject
Global
	GlobalSection(SolutionConfigurationPlatforms) = preSolution
		Debug|Any CPU = Debug|Any CPU
		Release|Any CPU = Release|Any CPU
	EndGlobalSection
	GlobalSection(ProjectConfigurationPlatforms) = postSolution
		{326A94E3-6231-45B6-B55C-A16B63F3A6FF}.Debug|Any CPU.ActiveCfg = Debug|Any CPU
		{326A94E3-6231-45B6-B55C-A16B63F3A6FF}.Debug|Any CPU.Build.0 = Debug|Any CPU
		{326A94E3-6231-45B6-B55C-A16B63F3A6FF}.Release|Any CPU.ActiveCfg = Release|Any CPU
		{326A94E3-6231-45B6-B55C-A16B63F3A6FF}.Release|Any CPU.Build.0 = Release|Any CPU
		{E052AA3A-B1AF-4CE6-A3A9-220238D3AFC0}.Debug|Any CPU.ActiveCfg = Debug|Any CPU
		{E052AA3A-B1AF-4CE6-A3A9-220238D3AFC0}.Debug|Any CPU.Build.0 = Debug|Any CPU
		{E052AA3A-B1AF-4CE6-A3A9-220238D3AFC0}.Release|Any CPU.ActiveCfg = Release|Any CPU
		{E052AA3A-B1AF-4CE6-A3A9-220238D3AFC0}.Release|Any CPU.Build.0 = Release|Any CPU
		{5DBD265C-948B-4C1D-BEFE-92A825B70553}.Debug|Any CPU.ActiveCfg = Debug|Any CPU
		{5DBD265C-948B-4C1D-BEFE-92A825B70553}.Debug|Any CPU.Build.0 = Debug|Any CPU
		{5DBD265C-948B-4C1D-BEFE-92A825B70553}.Release|Any CPU.ActiveCfg = Release|Any CPU
		{5DBD265C-948B-4C1D-BEFE-92A825B70553}.Release|Any CPU.Build.0 = Release|Any CPU
		{9856B70D-9989-4E36-A13D-235A1FFA97C1}.Debug|Any CPU.ActiveCfg = Debug|Any CPU
		{9856B70D-9989-4E36-A13D-235A1FFA97C1}.Debug|Any CPU.Build.0 = Debug|Any CPU
		{9856B70D-9989-4E36-A13D-235A1FFA97C1}.Release|Any CPU.ActiveCfg = Release|Any CPU
		{9856B70D-9989-4E36-A13D-235A1FFA97C1}.Release|Any CPU.Build.0 = Release|Any CPU
		{3643F9C4-1534-479E-A3B8-689C9032BA56}.Debug|Any CPU.ActiveCfg = Debug|Any CPU
		{3643F9C4-1534-479E-A3B8-689C9032BA56}.Debug|Any CPU.Build.0 = Debug|Any CPU
		{3643F9C4-1534-479E-A3B8-689C9032BA56}.Release|Any CPU.ActiveCfg = Release|Any CPU
		{3643F9C4-1534-479E-A3B8-689C9032BA56}.Release|Any CPU.Build.0 = Release|Any CPU
	EndGlobalSection
	GlobalSection(SolutionProperties) = preSolution
		HideSolutionNode = FALSE
	EndGlobalSection
	GlobalSection(ExtensibilityGlobals) = postSolution
		SolutionGuid = {9C537007-4585-41F7-8A38-CDC1D1059EDF}
	EndGlobalSection
EndGlobal
